# THIS IS AN AUTOGENERATED FILE. DO NOT EDIT THIS FILE DIRECTLY.
# yarn lockfile v1


"@types/estree@0.0.39":
  version "0.0.39"
  resolved "https://registry.yarnpkg.com/@types/estree/-/estree-0.0.39.tgz#e177e699ee1b8c22d23174caaa7422644389509f"
  integrity sha512-EYNwp3bU+98cpU4lAWYYL7Zz+2gryWH1qbdDTidVd6hkiR6weksdbMadyXKXNPEkQFhXM+hVO9ZygomHXp+AIw==

"@types/node@^11.11.6":
  version "11.13.0"
  resolved "https://registry.yarnpkg.com/@types/node/-/node-11.13.0.tgz#b0df8d6ef9b5001b2be3a94d909ce3c29a80f9e1"
  integrity sha512-rx29MMkRdVmzunmiA4lzBYJNnXsW/PhG4kMBy2ATsYaDjGGR75dCFEVVROKpNwlVdcUX3xxlghKQOeDPBJobng==

acorn@^6.1.1:
  version "6.1.1"
  resolved "https://registry.yarnpkg.com/acorn/-/acorn-6.1.1.tgz#7d25ae05bb8ad1f9b699108e1094ecd7884adc1f"
  integrity sha512-jPTiwtOxaHNaAPg/dmrJ/beuzLRnXtB0kQPQ8JpotKJgTB6rX6c8mlf315941pyjBSaPg8NHXS9fhP4u17DpGA==

rollup@^1.8.0:
  version "1.8.0"
  resolved "https://registry.yarnpkg.com/rollup/-/rollup-1.8.0.tgz#e3ce8b708ad4325166717f74f244f691595d35e2"
  integrity sha512-dKxL6ihUZ9YrVySKf/LBz5joW2sqwWkiuki34279Ppr2cL+O6Za6Ujovk+rtTX0AFCIsH1rs6y8LYKdZZ/7C5A==
  dependencies:
    "@types/estree" "0.0.39"
    "@types/node" "^11.11.6"
    acorn "^6.1.1"
